
Microsoft Visual Studio Solution File, Format Version 12.00
# Visual Studio Version 16
VisualStudioVersion = 16.0.30804.86
MinimumVisualStudioVersion = 10.0.40219.1
Project("{FAE04EC0-301F-11D3-BF4B-00C04F79EFBC}") = "RandomizeInterloperRareSpawns", "RandomizeInterloperRareSpawns.csproj", "{8D04DF52-04B1-4A7F-B8E4-FD4863E6D783}"
EndProject
Global
	GlobalSection(SolutionConfigurationPlatforms) = preSolution
		Debug|Any CPU = Debug|Any CPU
		Release|Any CPU = Release|Any CPU
	EndGlobalSection
	GlobalSection(ProjectConfigurationPlatforms) = postSolution
		{8D04DF52-04B1-4A7F-B8E4-FD4863E6D783}.Debug|Any CPU.ActiveCfg = Debug|Any CPU
		{8D04DF52-04B1-4A7F-B8E4-FD4863E6D783}.Debug|Any CPU.Build.0 = Debug|Any CPU
		{8D04DF52-04B1-4A7F-B8E4-FD4863E6D783}.Release|Any CPU.ActiveCfg = Release|Any CPU
		{8D04DF52-04B1-4A7F-B8E4-FD4863E6D783}.Release|Any CPU.Build.0 = Release|Any CPU
	EndGlobalSection
	GlobalSection(SolutionProperties) = preSolution
		HideSolutionNode = FALSE
	EndGlobalSection
	GlobalSection(ExtensibilityGlobals) = postSolution
		SolutionGuid = {35551BB7-D165-49FC-9C23-159E5A21456E}
	EndGlobalSection
EndGlobal
